
Microsoft Visual Studio Solution File, Format Version 12.00
# Visual Studio 2012
Project("{FAE04EC0-301F-11D3-BF4B-00C04F79EFBC}") = "LowProfile.Fourier", "LowProfile.Fourier\LowProfile.Fourier.csproj", "{937CCECF-3BF1-4ED2-B3A9-89157D8B0664}"
EndProject
Project("{8BC9CEB8-8B4A-11D0-8D11-00A0C91BC942}") = "LowProfile.Fourier.Native", "LowProfile.Fourier.Native\LowProfile.Fourier.Native.vcxproj", "{FD2A2DF2-D716-4B35-824E-A46146395634}"
EndProject
Project("{8BC9CEB8-8B4A-11D0-8D11-00A0C91BC942}") = "KissFFT", "KissFFT\KissFFT.vcxproj", "{6622613E-1B82-4053-BF62-FF076E0D8971}"
EndProject
Global
	GlobalSection(SolutionConfigurationPlatforms) = preSolution
		Debug|Win32 = Debug|Win32
		Debug|x64 = Debug|x64
		Release|Win32 = Release|Win32
		Release|x64 = Release|x64
	EndGlobalSection
	GlobalSection(ProjectConfigurationPlatforms) = postSolution
		{937CCECF-3BF1-4ED2-B3A9-89157D8B0664}.Debug|Win32.ActiveCfg = Debug|Any CPU
		{937CCECF-3BF1-4ED2-B3A9-89157D8B0664}.Debug|Win32.Build.0 = Debug|Any CPU
		{937CCECF-3BF1-4ED2-B3A9-89157D8B0664}.Debug|x64.ActiveCfg = Debug|Any CPU
		{937CCECF-3BF1-4ED2-B3A9-89157D8B0664}.Debug|x64.Build.0 = Debug|Any CPU
		{937CCECF-3BF1-4ED2-B3A9-89157D8B0664}.Release|Win32.ActiveCfg = Release|Any CPU
		{937CCECF-3BF1-4ED2-B3A9-89157D8B0664}.Release|Win32.Build.0 = Release|Any CPU
		{937CCECF-3BF1-4ED2-B3A9-89157D8B0664}.Release|x64.ActiveCfg = Release|Any CPU
		{937CCECF-3BF1-4ED2-B3A9-89157D8B0664}.Release|x64.Build.0 = Release|Any CPU
		{FD2A2DF2-D716-4B35-824E-A46146395634}.Debug|Win32.ActiveCfg = Debug|Win32
		{FD2A2DF2-D716-4B35-824E-A46146395634}.Debug|Win32.Build.0 = Debug|Win32
		{FD2A2DF2-D716-4B35-824E-A46146395634}.Debug|x64.ActiveCfg = Debug|x64
		{FD2A2DF2-D716-4B35-824E-A46146395634}.Debug|x64.Build.0 = Debug|x64
		{FD2A2DF2-D716-4B35-824E-A46146395634}.Release|Win32.ActiveCfg = Release|Win32
		{FD2A2DF2-D716-4B35-824E-A46146395634}.Release|Win32.Build.0 = Release|Win32
		{FD2A2DF2-D716-4B35-824E-A46146395634}.Release|x64.ActiveCfg = Release|x64
		{FD2A2DF2-D716-4B35-824E-A46146395634}.Release|x64.Build.0 = Release|x64
		{6622613E-1B82-4053-BF62-FF076E0D8971}.Debug|Win32.ActiveCfg = Debug|Win32
		{6622613E-1B82-4053-BF62-FF076E0D8971}.Debug|Win32.Build.0 = Debug|Win32
		{6622613E-1B82-4053-BF62-FF076E0D8971}.Debug|x64.ActiveCfg = Debug|x64
		{6622613E-1B82-4053-BF62-FF076E0D8971}.Debug|x64.Build.0 = Debug|x64
		{6622613E-1B82-4053-BF62-FF076E0D8971}.Release|Win32.ActiveCfg = Release|Win32
		{6622613E-1B82-4053-BF62-FF076E0D8971}.Release|Win32.Build.0 = Release|Win32
		{6622613E-1B82-4053-BF62-FF076E0D8971}.Release|x64.ActiveCfg = Release|x64
		{6622613E-1B82-4053-BF62-FF076E0D8971}.Release|x64.Build.0 = Release|x64
	EndGlobalSection
	GlobalSection(SolutionProperties) = preSolution
		HideSolutionNode = FALSE
	EndGlobalSection
EndGlobal
